// !$*UTF8*$!
{
	archiveVersion = 1;
	classes = {
	};
	objectVersion = 47;
	objects = {

/* Begin PBXBuildFile section */
		010BAB5E1BCC7032007CB351 /* AppDelegate.swift in Sources */ = {isa = PBXBuildFile; fileRef = 010BAB5D1BCC7032007CB351 /* AppDelegate.swift */; };
		010BAB631BCC7032007CB351 /* CCC_TV.xcdatamodeld in Sources */ = {isa = PBXBuildFile; fileRef = 010BAB611BCC7032007CB351 /* CCC_TV.xcdatamodeld */; };
		010BAB681BCC7032007CB351 /* Assets.xcassets in Resources */ = {isa = PBXBuildFile; fileRef = 010BAB671BCC7032007CB351 /* Assets.xcassets */; };
		0141D7CF1C1A1AE3007CB351 /* SettingsExport.swift in Sources */ = {isa = PBXBuildFile; fileRef = 01B5D8F71BD66CF5007CB351 /* SettingsExport.swift */; };
		01733F4E1C1A1425007CB351 /* CCC_TV_Tests.swift in Sources */ = {isa = PBXBuildFile; fileRef = 01733F4D1C1A1425007CB351 /* CCC_TV_Tests.swift */; };
		01733F571C1A185A007CB351 /* SettingsExportTest.swift in Sources */ = {isa = PBXBuildFile; fileRef = 01733F561C1A185A007CB351 /* SettingsExportTest.swift */; };
		0182E2F61C1DAC34007CB351 /* Requestable.swift in Sources */ = {isa = PBXBuildFile; fileRef = 0182E2F51C1DAC34007CB351 /* Requestable.swift */; };
		0182E2F91C1DAE58007CB351 /* ConferencesRequest.swift in Sources */ = {isa = PBXBuildFile; fileRef = 0182E2F81C1DAE58007CB351 /* ConferencesRequest.swift */; };
		0182E2FD1C1DB1FF007CB351 /* ConferencesRequestTests.swift in Sources */ = {isa = PBXBuildFile; fileRef = 0182E2FC1C1DB1FF007CB351 /* ConferencesRequestTests.swift */; };
		0182E2FE1C1DB221007CB351 /* ConferencesRequest.swift in Sources */ = {isa = PBXBuildFile; fileRef = 0182E2F81C1DAE58007CB351 /* ConferencesRequest.swift */; };
		0182E2FF1C1DB224007CB351 /* Requestable.swift in Sources */ = {isa = PBXBuildFile; fileRef = 0182E2F51C1DAC34007CB351 /* Requestable.swift */; };
		0187C2201C1A2055007CB351 /* Item.swift in Sources */ = {isa = PBXBuildFile; fileRef = 0187C21F1C1A2055007CB351 /* Item.swift */; };
		0187C2221C1A21A5007CB351 /* Conference.swift in Sources */ = {isa = PBXBuildFile; fileRef = 0187C2211C1A21A5007CB351 /* Conference.swift */; };
		0187C2251C1A22C9007CB351 /* DownloadConferencesOperation.swift in Sources */ = {isa = PBXBuildFile; fileRef = 0187C2241C1A22C9007CB351 /* DownloadConferencesOperation.swift */; };
		0187C2271C1A27AA007CB351 /* Downloader.swift in Sources */ = {isa = PBXBuildFile; fileRef = 0187C2261C1A27AA007CB351 /* Downloader.swift */; };
		01A00E731C1DB86D007CB351 /* DownloaderTests.swift in Sources */ = {isa = PBXBuildFile; fileRef = 01A00E721C1DB86D007CB351 /* DownloaderTests.swift */; };
		01A00E741C1F1030007CB351 /* Downloader.swift in Sources */ = {isa = PBXBuildFile; fileRef = 0187C2261C1A27AA007CB351 /* Downloader.swift */; };
		01A00E751C1F1034007CB351 /* DownloadConferencesOperation.swift in Sources */ = {isa = PBXBuildFile; fileRef = 0187C2241C1A22C9007CB351 /* DownloadConferencesOperation.swift */; };
		01A00E761C1F137F007CB351 /* Conference.swift in Sources */ = {isa = PBXBuildFile; fileRef = 0187C2211C1A21A5007CB351 /* Conference.swift */; };
		01B5D8F81BD66CF5007CB351 /* SettingsExport.swift in Sources */ = {isa = PBXBuildFile; fileRef = 01B5D8F71BD66CF5007CB351 /* SettingsExport.swift */; };
		736AFF2B7681CF32D6FA60E0 /* Pods.framework in Frameworks */ = {isa = PBXBuildFile; fileRef = 1BB5CABC2D9301F2CE977FC8 /* Pods.framework */; };
		98FE7435E6F39C9263F733E2 /* Pods.framework in Frameworks */ = {isa = PBXBuildFile; fileRef = 1BB5CABC2D9301F2CE977FC8 /* Pods.framework */; };
/* End PBXBuildFile section */

/* Begin PBXContainerItemProxy section */
		01733F531C1A1523007CB351 /* PBXContainerItemProxy */ = {
			isa = PBXContainerItemProxy;
			containerPortal = 010BAB521BCC7032007CB351 /* Project object */;
			proxyType = 1;
			remoteGlobalIDString = 010BAB591BCC7032007CB351;
			remoteInfo = "CCC-TV";
		};
/* End PBXContainerItemProxy section */

/* Begin PBXFileReference section */
		010BAB5A1BCC7032007CB351 /* CCCtv.app */ = {isa = PBXFileReference; explicitFileType = wrapper.application; includeInIndex = 0; path = CCCtv.app; sourceTree = BUILT_PRODUCTS_DIR; };
		010BAB5D1BCC7032007CB351 /* AppDelegate.swift */ = {isa = PBXFileReference; lastKnownFileType = sourcecode.swift; lineEnding = 0; path = AppDelegate.swift; sourceTree = "<group>"; };
		010BAB621BCC7032007CB351 /* CCC_TV.xcdatamodel */ = {isa = PBXFileReference; lastKnownFileType = wrapper.xcdatamodel; path = CCC_TV.xcdatamodel; sourceTree = "<group>"; };
		010BAB671BCC7032007CB351 /* Assets.xcassets */ = {isa = PBXFileReference; lastKnownFileType = folder.assetcatalog; path = Assets.xcassets; sourceTree = "<group>"; };
		010BAB691BCC7032007CB351 /* Info.plist */ = {isa = PBXFileReference; lastKnownFileType = text.plist.xml; path = Info.plist; sourceTree = "<group>"; };
		01733F4B1C1A1425007CB351 /* CCCtv.xctest */ = {isa = PBXFileReference; explicitFileType = wrapper.cfbundle; includeInIndex = 0; path = CCCtv.xctest; sourceTree = BUILT_PRODUCTS_DIR; };
		01733F4D1C1A1425007CB351 /* CCC_TV_Tests.swift */ = {isa = PBXFileReference; lastKnownFileType = sourcecode.swift; path = CCC_TV_Tests.swift; sourceTree = "<group>"; };
		01733F4F1C1A1425007CB351 /* Info.plist */ = {isa = PBXFileReference; lastKnownFileType = text.plist.xml; path = Info.plist; sourceTree = "<group>"; };
		01733F561C1A185A007CB351 /* SettingsExportTest.swift */ = {isa = PBXFileReference; fileEncoding = 4; lastKnownFileType = sourcecode.swift; name = SettingsExportTest.swift; path = Exports/SettingsExportTest.swift; sourceTree = "<group>"; };
		0182E2F51C1DAC34007CB351 /* Requestable.swift */ = {isa = PBXFileReference; fileEncoding = 4; lastKnownFileType = sourcecode.swift; path = Requestable.swift; sourceTree = "<group>"; };
		0182E2F81C1DAE58007CB351 /* ConferencesRequest.swift */ = {isa = PBXFileReference; fileEncoding = 4; lastKnownFileType = sourcecode.swift; name = ConferencesRequest.swift; path = NetworkOperations/Requests/ConferencesRequest.swift; sourceTree = "<group>"; };
		0182E2FC1C1DB1FF007CB351 /* ConferencesRequestTests.swift */ = {isa = PBXFileReference; fileEncoding = 4; lastKnownFileType = sourcecode.swift; name = ConferencesRequestTests.swift; path = NetworkOperations/Requests/ConferencesRequestTests.swift; sourceTree = "<group>"; };
		0187C21F1C1A2055007CB351 /* Item.swift */ = {isa = PBXFileReference; fileEncoding = 4; lastKnownFileType = sourcecode.swift; name = Item.swift; path = media.ccc/Item.swift; sourceTree = "<group>"; };
		0187C2211C1A21A5007CB351 /* Conference.swift */ = {isa = PBXFileReference; fileEncoding = 4; lastKnownFileType = sourcecode.swift; name = Conference.swift; path = media.ccc/Conference.swift; sourceTree = "<group>"; };
		0187C2241C1A22C9007CB351 /* DownloadConferencesOperation.swift */ = {isa = PBXFileReference; fileEncoding = 4; lastKnownFileType = sourcecode.swift; name = DownloadConferencesOperation.swift; path = NetworkOperations/DownloadConferencesOperation.swift; sourceTree = "<group>"; };
		0187C2261C1A27AA007CB351 /* Downloader.swift */ = {isa = PBXFileReference; fileEncoding = 4; lastKnownFileType = sourcecode.swift; name = Downloader.swift; path = NetworkOperations/Downloader.swift; sourceTree = "<group>"; };
		01A00E721C1DB86D007CB351 /* DownloaderTests.swift */ = {isa = PBXFileReference; fileEncoding = 4; lastKnownFileType = sourcecode.swift; name = DownloaderTests.swift; path = NetworkOperations/DownloaderTests.swift; sourceTree = "<group>"; };
		01B5D8F71BD66CF5007CB351 /* SettingsExport.swift */ = {isa = PBXFileReference; fileEncoding = 4; lastKnownFileType = sourcecode.swift; name = SettingsExport.swift; path = Exports/SettingsExport.swift; sourceTree = "<group>"; };
		156A5574881BE512D0CA9921 /* Pods.release.xcconfig */ = {isa = PBXFileReference; includeInIndex = 1; lastKnownFileType = text.xcconfig; name = Pods.release.xcconfig; path = "../Pods/Target Support Files/Pods/Pods.release.xcconfig"; sourceTree = "<group>"; };
		1BB5CABC2D9301F2CE977FC8 /* Pods.framework */ = {isa = PBXFileReference; explicitFileType = wrapper.framework; includeInIndex = 0; path = Pods.framework; sourceTree = BUILT_PRODUCTS_DIR; };
		2CC0E9B7EC4B3FDF30DCB5A8 /* Pods.debug.xcconfig */ = {isa = PBXFileReference; includeInIndex = 1; lastKnownFileType = text.xcconfig; name = Pods.debug.xcconfig; path = "../Pods/Target Support Files/Pods/Pods.debug.xcconfig"; sourceTree = "<group>"; };
/* End PBXFileReference section */

/* Begin PBXFrameworksBuildPhase section */
		010BAB571BCC7032007CB351 /* Frameworks */ = {
			isa = PBXFrameworksBuildPhase;
			buildActionMask = 2147483647;
			files = (
				736AFF2B7681CF32D6FA60E0 /* Pods.framework in Frameworks */,
			);
			runOnlyForDeploymentPostprocessing = 0;
		};
		01733F481C1A1425007CB351 /* Frameworks */ = {
			isa = PBXFrameworksBuildPhase;
			buildActionMask = 2147483647;
			files = (
				98FE7435E6F39C9263F733E2 /* Pods.framework in Frameworks */,
			);
			runOnlyForDeploymentPostprocessing = 0;
		};
/* End PBXFrameworksBuildPhase section */

/* Begin PBXGroup section */
		010BAB511BCC7032007CB351 = {
			isa = PBXGroup;
			children = (
				010BAB5C1BCC7032007CB351 /* CCC-TV */,
				010BAB5B1BCC7032007CB351 /* Products */,
				613466F04B15507ED9F84B8D /* Pods */,
				780357042C6BA944CACAAF59 /* Frameworks */,
				01733F4C1C1A1425007CB351 /* CCC-TV-Tests */,
			);
			sourceTree = "<group>";
			usesTabs = 0;
		};
		010BAB5B1BCC7032007CB351 /* Products */ = {
			isa = PBXGroup;
			children = (
				010BAB5A1BCC7032007CB351 /* CCCtv.app */,
				01733F4B1C1A1425007CB351 /* CCCtv.xctest */,
			);
			name = Products;
			sourceTree = "<group>";
		};
		010BAB5C1BCC7032007CB351 /* CCC-TV */ = {
			isa = PBXGroup;
			children = (
				0187C2231C1A2275007CB351 /* NetworkOperations */,
				0187C21E1C1A1FF9007CB351 /* media.ccc */,
				01B5D8F91BD66CFA007CB351 /* Exports */,
				010BAB5D1BCC7032007CB351 /* AppDelegate.swift */,
				010BAB671BCC7032007CB351 /* Assets.xcassets */,
				010BAB691BCC7032007CB351 /* Info.plist */,
				010BAB611BCC7032007CB351 /* CCC_TV.xcdatamodeld */,
			);
			path = "CCC-TV";
			sourceTree = "<group>";
		};
		01733F4C1C1A1425007CB351 /* CCC-TV-Tests */ = {
			isa = PBXGroup;
			children = (
				0182E2FA1C1DB1BC007CB351 /* NetworkOperations */,
				01733F551C1A1831007CB351 /* Exports */,
				01733F4D1C1A1425007CB351 /* CCC_TV_Tests.swift */,
				01733F4F1C1A1425007CB351 /* Info.plist */,
			);
			path = "CCC-TV-Tests";
			sourceTree = "<group>";
		};
		01733F551C1A1831007CB351 /* Exports */ = {
			isa = PBXGroup;
			children = (
				01733F561C1A185A007CB351 /* SettingsExportTest.swift */,
			);
			name = Exports;
			sourceTree = "<group>";
		};
		0182E2F71C1DAE2D007CB351 /* Requests */ = {
			isa = PBXGroup;
			children = (
				0182E2F81C1DAE58007CB351 /* ConferencesRequest.swift */,
			);
			name = Requests;
			sourceTree = "<group>";
		};
		0182E2FA1C1DB1BC007CB351 /* NetworkOperations */ = {
			isa = PBXGroup;
			children = (
				0182E2FB1C1DB1CF007CB351 /* Requests */,
				01A00E721C1DB86D007CB351 /* DownloaderTests.swift */,
			);
			name = NetworkOperations;
			sourceTree = "<group>";
		};
		0182E2FB1C1DB1CF007CB351 /* Requests */ = {
			isa = PBXGroup;
			children = (
				0182E2FC1C1DB1FF007CB351 /* ConferencesRequestTests.swift */,
			);
			name = Requests;
			sourceTree = "<group>";
		};
		0187C21E1C1A1FF9007CB351 /* media.ccc */ = {
			isa = PBXGroup;
			children = (
				0187C21F1C1A2055007CB351 /* Item.swift */,
				0187C2211C1A21A5007CB351 /* Conference.swift */,
			);
			name = media.ccc;
			sourceTree = "<group>";
		};
		0187C2231C1A2275007CB351 /* NetworkOperations */ = {
			isa = PBXGroup;
			children = (
				0187C2241C1A22C9007CB351 /* DownloadConferencesOperation.swift */,
				0187C2261C1A27AA007CB351 /* Downloader.swift */,
				0182E2F51C1DAC34007CB351 /* Requestable.swift */,
				0182E2F71C1DAE2D007CB351 /* Requests */,
			);
			name = NetworkOperations;
			sourceTree = "<group>";
		};
		01B5D8F91BD66CFA007CB351 /* Exports */ = {
			isa = PBXGroup;
			children = (
				01B5D8F71BD66CF5007CB351 /* SettingsExport.swift */,
			);
			name = Exports;
			sourceTree = "<group>";
		};
		613466F04B15507ED9F84B8D /* Pods */ = {
			isa = PBXGroup;
			children = (
				2CC0E9B7EC4B3FDF30DCB5A8 /* Pods.debug.xcconfig */,
				156A5574881BE512D0CA9921 /* Pods.release.xcconfig */,
			);
			name = Pods;
			sourceTree = "<group>";
		};
		780357042C6BA944CACAAF59 /* Frameworks */ = {
			isa = PBXGroup;
			children = (
				1BB5CABC2D9301F2CE977FC8 /* Pods.framework */,
			);
			name = Frameworks;
			sourceTree = "<group>";
		};
/* End PBXGroup section */

/* Begin PBXNativeTarget section */
		010BAB591BCC7032007CB351 /* CCCtv */ = {
			isa = PBXNativeTarget;
			buildConfigurationList = 010BAB6C1BCC7032007CB351 /* Build configuration list for PBXNativeTarget "CCCtv" */;
			buildPhases = (
				50D34DF87BC395FAB0FC83BA /* Check Pods Manifest.lock */,
				010BAB561BCC7032007CB351 /* Sources */,
				010BAB571BCC7032007CB351 /* Frameworks */,
				010BAB581BCC7032007CB351 /* Resources */,
				7C1808733CFB9E8A28E8C0F8 /* Embed Pods Frameworks */,
				9F157C46DD90BECD61199FE0 /* Copy Pods Resources */,
			);
			buildRules = (
			);
			dependencies = (
			);
			name = CCCtv;
			productName = "CCC-TV";
			productReference = 010BAB5A1BCC7032007CB351 /* CCCtv.app */;
			productType = "com.apple.product-type.application";
		};
		01733F4A1C1A1425007CB351 /* CCCtv-Tests */ = {
			isa = PBXNativeTarget;
			buildConfigurationList = 01733F521C1A1425007CB351 /* Build configuration list for PBXNativeTarget "CCCtv-Tests" */;
			buildPhases = (
				77DF81C9B2E4DB0EBF76D62F /* Check Pods Manifest.lock */,
				01733F471C1A1425007CB351 /* Sources */,
				01733F481C1A1425007CB351 /* Frameworks */,
				01733F491C1A1425007CB351 /* Resources */,
				159DF6E048F506A72B803248 /* Embed Pods Frameworks */,
				45405337AD7A252101B9F755 /* Copy Pods Resources */,
			);
			buildRules = (
			);
			dependencies = (
				01733F541C1A1523007CB351 /* PBXTargetDependency */,
			);
			name = "CCCtv-Tests";
			productName = "CCC-TV-Tests";
			productReference = 01733F4B1C1A1425007CB351 /* CCCtv.xctest */;
			productType = "com.apple.product-type.bundle.unit-test";
		};
/* End PBXNativeTarget section */

/* Begin PBXProject section */
		010BAB521BCC7032007CB351 /* Project object */ = {
			isa = PBXProject;
			attributes = {
				LastSwiftUpdateCheck = 0720;
				LastUpgradeCheck = 0710;
				ORGANIZATIONNAME = "aus der Technik";
				TargetAttributes = {
					010BAB591BCC7032007CB351 = {
						CreatedOnToolsVersion = 7.1;
						DevelopmentTeam = SR2JMV9NNY;
					};
					01733F4A1C1A1425007CB351 = {
						CreatedOnToolsVersion = 7.2;
						TestTargetID = 010BAB591BCC7032007CB351;
					};
				};
			};
			buildConfigurationList = 010BAB551BCC7032007CB351 /* Build configuration list for PBXProject "CCCtv" */;
			compatibilityVersion = "Xcode 6.3";
			developmentRegion = English;
			hasScannedForEncodings = 0;
			knownRegions = (
				en,
				Base,
			);
			mainGroup = 010BAB511BCC7032007CB351;
			productRefGroup = 010BAB5B1BCC7032007CB351 /* Products */;
			projectDirPath = "";
			projectRoot = "";
			targets = (
				010BAB591BCC7032007CB351 /* CCCtv */,
				01733F4A1C1A1425007CB351 /* CCCtv-Tests */,
			);
		};
/* End PBXProject section */

/* Begin PBXResourcesBuildPhase section */
		010BAB581BCC7032007CB351 /* Resources */ = {
			isa = PBXResourcesBuildPhase;
			buildActionMask = 2147483647;
			files = (
				010BAB681BCC7032007CB351 /* Assets.xcassets in Resources */,
			);
			runOnlyForDeploymentPostprocessing = 0;
		};
		01733F491C1A1425007CB351 /* Resources */ = {
			isa = PBXResourcesBuildPhase;
			buildActionMask = 2147483647;
			files = (
			);
			runOnlyForDeploymentPostprocessing = 0;
		};
/* End PBXResourcesBuildPhase section */

/* Begin PBXShellScriptBuildPhase section */
		159DF6E048F506A72B803248 /* Embed Pods Frameworks */ = {
			isa = PBXShellScriptBuildPhase;
			buildActionMask = 2147483647;
			files = (
			);
			inputPaths = (
			);
			name = "Embed Pods Frameworks";
			outputPaths = (
			);
			runOnlyForDeploymentPostprocessing = 0;
			shellPath = /bin/sh;
			shellScript = "\"${SRCROOT}/../Pods/Target Support Files/Pods/Pods-frameworks.sh\"\n";
			showEnvVarsInLog = 0;
		};
		45405337AD7A252101B9F755 /* Copy Pods Resources */ = {
			isa = PBXShellScriptBuildPhase;
			buildActionMask = 2147483647;
			files = (
			);
			inputPaths = (
			);
			name = "Copy Pods Resources";
			outputPaths = (
			);
			runOnlyForDeploymentPostprocessing = 0;
			shellPath = /bin/sh;
			shellScript = "\"${SRCROOT}/../Pods/Target Support Files/Pods/Pods-resources.sh\"\n";
			showEnvVarsInLog = 0;
		};
		50D34DF87BC395FAB0FC83BA /* Check Pods Manifest.lock */ = {
			isa = PBXShellScriptBuildPhase;
			buildActionMask = 2147483647;
			files = (
			);
			inputPaths = (
			);
			name = "Check Pods Manifest.lock";
			outputPaths = (
			);
			runOnlyForDeploymentPostprocessing = 0;
			shellPath = /bin/sh;
			shellScript = "diff \"${PODS_ROOT}/../Podfile.lock\" \"${PODS_ROOT}/Manifest.lock\" > /dev/null\nif [[ $? != 0 ]] ; then\n    cat << EOM\nerror: The sandbox is not in sync with the Podfile.lock. Run 'pod install' or update your CocoaPods installation.\nEOM\n    exit 1\nfi\n";
			showEnvVarsInLog = 0;
		};
		77DF81C9B2E4DB0EBF76D62F /* Check Pods Manifest.lock */ = {
			isa = PBXShellScriptBuildPhase;
			buildActionMask = 2147483647;
			files = (
			);
			inputPaths = (
			);
			name = "Check Pods Manifest.lock";
			outputPaths = (
			);
			runOnlyForDeploymentPostprocessing = 0;
			shellPath = /bin/sh;
			shellScript = "diff \"${PODS_ROOT}/../Podfile.lock\" \"${PODS_ROOT}/Manifest.lock\" > /dev/null\nif [[ $? != 0 ]] ; then\n    cat << EOM\nerror: The sandbox is not in sync with the Podfile.lock. Run 'pod install' or update your CocoaPods installation.\nEOM\n    exit 1\nfi\n";
			showEnvVarsInLog = 0;
		};
		7C1808733CFB9E8A28E8C0F8 /* Embed Pods Frameworks */ = {
			isa = PBXShellScriptBuildPhase;
			buildActionMask = 2147483647;
			files = (
			);
			inputPaths = (
			);
			name = "Embed Pods Frameworks";
			outputPaths = (
			);
			runOnlyForDeploymentPostprocessing = 0;
			shellPath = /bin/sh;
			shellScript = "\"${SRCROOT}/../Pods/Target Support Files/Pods/Pods-frameworks.sh\"\n";
			showEnvVarsInLog = 0;
		};
		9F157C46DD90BECD61199FE0 /* Copy Pods Resources */ = {
			isa = PBXShellScriptBuildPhase;
			buildActionMask = 2147483647;
			files = (
			);
			inputPaths = (
			);
			name = "Copy Pods Resources";
			outputPaths = (
			);
			runOnlyForDeploymentPostprocessing = 0;
			shellPath = /bin/sh;
			shellScript = "\"${SRCROOT}/../Pods/Target Support Files/Pods/Pods-resources.sh\"\n";
			showEnvVarsInLog = 0;
		};
/* End PBXShellScriptBuildPhase section */

/* Begin PBXSourcesBuildPhase section */
		010BAB561BCC7032007CB351 /* Sources */ = {
			isa = PBXSourcesBuildPhase;
			buildActionMask = 2147483647;
			files = (
				0182E2F91C1DAE58007CB351 /* ConferencesRequest.swift in Sources */,
				0187C2201C1A2055007CB351 /* Item.swift in Sources */,
				0182E2F61C1DAC34007CB351 /* Requestable.swift in Sources */,
				0187C2271C1A27AA007CB351 /* Downloader.swift in Sources */,
				0187C2251C1A22C9007CB351 /* DownloadConferencesOperation.swift in Sources */,
				010BAB5E1BCC7032007CB351 /* AppDelegate.swift in Sources */,
				0187C2221C1A21A5007CB351 /* Conference.swift in Sources */,
				01B5D8F81BD66CF5007CB351 /* SettingsExport.swift in Sources */,
				010BAB631BCC7032007CB351 /* CCC_TV.xcdatamodeld in Sources */,
			);
			runOnlyForDeploymentPostprocessing = 0;
		};
		01733F471C1A1425007CB351 /* Sources */ = {
			isa = PBXSourcesBuildPhase;
			buildActionMask = 2147483647;
			files = (
				01A00E731C1DB86D007CB351 /* DownloaderTests.swift in Sources */,
				01733F571C1A185A007CB351 /* SettingsExportTest.swift in Sources */,
				01A00E741C1F1030007CB351 /* Downloader.swift in Sources */,
				0141D7CF1C1A1AE3007CB351 /* SettingsExport.swift in Sources */,
				0182E2FE1C1DB221007CB351 /* ConferencesRequest.swift in Sources */,
				0182E2FF1C1DB224007CB351 /* Requestable.swift in Sources */,
				01733F4E1C1A1425007CB351 /* CCC_TV_Tests.swift in Sources */,
				01A00E761C1F137F007CB351 /* Conference.swift in Sources */,
				01A00E751C1F1034007CB351 /* DownloadConferencesOperation.swift in Sources */,
				0182E2FD1C1DB1FF007CB351 /* ConferencesRequestTests.swift in Sources */,
			);
			runOnlyForDeploymentPostprocessing = 0;
		};
/* End PBXSourcesBuildPhase section */

/* Begin PBXTargetDependency section */
		01733F541C1A1523007CB351 /* PBXTargetDependency */ = {
			isa = PBXTargetDependency;
			target = 010BAB591BCC7032007CB351 /* CCCtv */;
			targetProxy = 01733F531C1A1523007CB351 /* PBXContainerItemProxy */;
		};
/* End PBXTargetDependency section */

/* Begin XCBuildConfiguration section */
		010BAB6A1BCC7032007CB351 /* Debug */ = {
			isa = XCBuildConfiguration;
			buildSettings = {
				ALWAYS_SEARCH_USER_PATHS = NO;
				CLANG_CXX_LANGUAGE_STANDARD = "gnu++0x";
				CLANG_CXX_LIBRARY = "libc++";
				CLANG_ENABLE_MODULES = YES;
				CLANG_ENABLE_OBJC_ARC = YES;
				CLANG_WARN_BOOL_CONVERSION = YES;
				CLANG_WARN_CONSTANT_CONVERSION = YES;
				CLANG_WARN_DIRECT_OBJC_ISA_USAGE = YES_ERROR;
				CLANG_WARN_EMPTY_BODY = YES;
				CLANG_WARN_ENUM_CONVERSION = YES;
				CLANG_WARN_INT_CONVERSION = YES;
				CLANG_WARN_OBJC_ROOT_CLASS = YES_ERROR;
				CLANG_WARN_UNREACHABLE_CODE = YES;
				CLANG_WARN__DUPLICATE_METHOD_MATCH = YES;
				COPY_PHASE_STRIP = NO;
				DEBUG_INFORMATION_FORMAT = dwarf;
				ENABLE_STRICT_OBJC_MSGSEND = YES;
				ENABLE_TESTABILITY = YES;
				GCC_C_LANGUAGE_STANDARD = gnu99;
				GCC_DYNAMIC_NO_PIC = NO;
				GCC_NO_COMMON_BLOCKS = YES;
				GCC_OPTIMIZATION_LEVEL = 0;
				GCC_PREPROCESSOR_DEFINITIONS = (
					"DEBUG=1",
					"$(inherited)",
				);
				GCC_WARN_64_TO_32_BIT_CONVERSION = YES;
				GCC_WARN_ABOUT_RETURN_TYPE = YES_ERROR;
				GCC_WARN_UNDECLARED_SELECTOR = YES;
				GCC_WARN_UNINITIALIZED_AUTOS = YES_AGGRESSIVE;
				GCC_WARN_UNUSED_FUNCTION = YES;
				GCC_WARN_UNUSED_VARIABLE = YES;
				MTL_ENABLE_DEBUG_INFO = YES;
				ONLY_ACTIVE_ARCH = YES;
				SDKROOT = appletvos;
				SWIFT_OPTIMIZATION_LEVEL = "-Onone";
				TARGETED_DEVICE_FAMILY = 3;
				TVOS_DEPLOYMENT_TARGET = 9.0;
			};
			name = Debug;
		};
		010BAB6B1BCC7032007CB351 /* Release */ = {
			isa = XCBuildConfiguration;
			buildSettings = {
				ALWAYS_SEARCH_USER_PATHS = NO;
				CLANG_CXX_LANGUAGE_STANDARD = "gnu++0x";
				CLANG_CXX_LIBRARY = "libc++";
				CLANG_ENABLE_MODULES = YES;
				CLANG_ENABLE_OBJC_ARC = YES;
				CLANG_WARN_BOOL_CONVERSION = YES;
				CLANG_WARN_CONSTANT_CONVERSION = YES;
				CLANG_WARN_DIRECT_OBJC_ISA_USAGE = YES_ERROR;
				CLANG_WARN_EMPTY_BODY = YES;
				CLANG_WARN_ENUM_CONVERSION = YES;
				CLANG_WARN_INT_CONVERSION = YES;
				CLANG_WARN_OBJC_ROOT_CLASS = YES_ERROR;
				CLANG_WARN_UNREACHABLE_CODE = YES;
				CLANG_WARN__DUPLICATE_METHOD_MATCH = YES;
				COPY_PHASE_STRIP = NO;
				DEBUG_INFORMATION_FORMAT = "dwarf-with-dsym";
				ENABLE_NS_ASSERTIONS = NO;
				ENABLE_STRICT_OBJC_MSGSEND = YES;
				GCC_C_LANGUAGE_STANDARD = gnu99;
				GCC_NO_COMMON_BLOCKS = YES;
				GCC_WARN_64_TO_32_BIT_CONVERSION = YES;
				GCC_WARN_ABOUT_RETURN_TYPE = YES_ERROR;
				GCC_WARN_UNDECLARED_SELECTOR = YES;
				GCC_WARN_UNINITIALIZED_AUTOS = YES_AGGRESSIVE;
				GCC_WARN_UNUSED_FUNCTION = YES;
				GCC_WARN_UNUSED_VARIABLE = YES;
				MTL_ENABLE_DEBUG_INFO = NO;
				SDKROOT = appletvos;
				TARGETED_DEVICE_FAMILY = 3;
				TVOS_DEPLOYMENT_TARGET = 9.0;
				VALIDATE_PRODUCT = YES;
			};
			name = Release;
		};
		010BAB6D1BCC7032007CB351 /* Debug */ = {
			isa = XCBuildConfiguration;
			baseConfigurationReference = 2CC0E9B7EC4B3FDF30DCB5A8 /* Pods.debug.xcconfig */;
			buildSettings = {
				ASSETCATALOG_COMPILER_APPICON_NAME = "App Icon & Top Shelf Image";
				ASSETCATALOG_COMPILER_LAUNCHIMAGE_NAME = LaunchImage;
				CODE_SIGN_IDENTITY = "iPhone Developer";
				"CODE_SIGN_IDENTITY[sdk=*]" = "iPhone Developer";
				INFOPLIST_FILE = "CCC-TV/Info.plist";
				LD_RUNPATH_SEARCH_PATHS = "$(inherited) @executable_path/Frameworks";
				PRODUCT_BUNDLE_IDENTIFIER = de.ausdertechnik.CCCtv;
				PRODUCT_NAME = CCCtv;
				TVOS_DEPLOYMENT_TARGET = 9.1;
			};
			name = Debug;
		};
		010BAB6E1BCC7032007CB351 /* Release */ = {
			isa = XCBuildConfiguration;
			baseConfigurationReference = 156A5574881BE512D0CA9921 /* Pods.release.xcconfig */;
			buildSettings = {
				ASSETCATALOG_COMPILER_APPICON_NAME = "App Icon & Top Shelf Image";
				ASSETCATALOG_COMPILER_LAUNCHIMAGE_NAME = LaunchImage;
				CODE_SIGN_IDENTITY = "iPhone Developer";
				"CODE_SIGN_IDENTITY[sdk=*]" = "iPhone Developer";
				INFOPLIST_FILE = "CCC-TV/Info.plist";
				LD_RUNPATH_SEARCH_PATHS = "$(inherited) @executable_path/Frameworks";
				PRODUCT_BUNDLE_IDENTIFIER = de.ausdertechnik.CCCtv;
				PRODUCT_NAME = CCCtv;
				TVOS_DEPLOYMENT_TARGET = 9.1;
			};
			name = Release;
		};
		01733F501C1A1425007CB351 /* Debug */ = {
			isa = XCBuildConfiguration;
			baseConfigurationReference = 2CC0E9B7EC4B3FDF30DCB5A8 /* Pods.debug.xcconfig */;
			buildSettings = {
				BUNDLE_LOADER = "$(TEST_HOST)";
				"CODE_SIGN_IDENTITY[sdk=iphoneos*]" = "iPhone Developer";
				INFOPLIST_FILE = "CCC-TV-Tests/Info.plist";
				IPHONEOS_DEPLOYMENT_TARGET = 9.1;
				LD_RUNPATH_SEARCH_PATHS = "$(inherited) @executable_path/Frameworks @loader_path/Frameworks";
				PRODUCT_BUNDLE_IDENTIFIER = "de.ausdertechnik.CCC-TV-Tests";
				PRODUCT_NAME = CCCtv;
				SDKROOT = appletvos9.1;
				TEST_HOST = "$(BUILT_PRODUCTS_DIR)/CCCtv.app/CCCtv";
			};
			name = Debug;
		};
		01733F511C1A1425007CB351 /* Release */ = {
			isa = XCBuildConfiguration;
			baseConfigurationReference = 156A5574881BE512D0CA9921 /* Pods.release.xcconfig */;
			buildSettings = {
				BUNDLE_LOADER = "$(TEST_HOST)";
				"CODE_SIGN_IDENTITY[sdk=iphoneos*]" = "iPhone Developer";
				INFOPLIST_FILE = "CCC-TV-Tests/Info.plist";
				IPHONEOS_DEPLOYMENT_TARGET = 9.1;
				LD_RUNPATH_SEARCH_PATHS = "$(inherited) @executable_path/Frameworks @loader_path/Frameworks";
				PRODUCT_BUNDLE_IDENTIFIER = "de.ausdertechnik.CCC-TV-Tests";
				PRODUCT_NAME = CCCtv;
				SDKROOT = appletvos9.1;
				TEST_HOST = "$(BUILT_PRODUCTS_DIR)/CCCtv.app/CCCtv";
			};
			name = Release;
		};
/* End XCBuildConfiguration section */

/* Begin XCConfigurationList section */
		010BAB551BCC7032007CB351 /* Build configuration list for PBXProject "CCCtv" */ = {
			isa = XCConfigurationList;
			buildConfigurations = (
				010BAB6A1BCC7032007CB351 /* Debug */,
				010BAB6B1BCC7032007CB351 /* Release */,
			);
			defaultConfigurationIsVisible = 0;
			defaultConfigurationName = Release;
		};
		010BAB6C1BCC7032007CB351 /* Build configuration list for PBXNativeTarget "CCCtv" */ = {
			isa = XCConfigurationList;
			buildConfigurations = (
				010BAB6D1BCC7032007CB351 /* Debug */,
				010BAB6E1BCC7032007CB351 /* Release */,
			);
			defaultConfigurationIsVisible = 0;
			defaultConfigurationName = Release;
		};
		01733F521C1A1425007CB351 /* Build configuration list for PBXNativeTarget "CCCtv-Tests" */ = {
			isa = XCConfigurationList;
			buildConfigurations = (
				01733F501C1A1425007CB351 /* Debug */,
				01733F511C1A1425007CB351 /* Release */,
			);
			defaultConfigurationIsVisible = 0;
			defaultConfigurationName = Release;
		};
/* End XCConfigurationList section */

/* Begin XCVersionGroup section */
		010BAB611BCC7032007CB351 /* CCC_TV.xcdatamodeld */ = {
			isa = XCVersionGroup;
			children = (
				010BAB621BCC7032007CB351 /* CCC_TV.xcdatamodel */,
			);
			currentVersion = 010BAB621BCC7032007CB351 /* CCC_TV.xcdatamodel */;
			path = CCC_TV.xcdatamodeld;
			sourceTree = "<group>";
			versionGroupType = wrapper.xcdatamodel;
		};
/* End XCVersionGroup section */
	};
	rootObject = 010BAB521BCC7032007CB351 /* Project object */;
}
